
Microsoft Visual Studio Solution File, Format Version 12.00
# Visual Studio Version 17
VisualStudioVersion = 17.14.37027.9
MinimumVisualStudioVersion = 10.0.40219.1
Project("{FAE04EC0-301F-11D3-BF4B-00C04F79EFBC}") = "DowlatGlobal.API", "DowlatGlobal.API.csproj", "{53DD65B6-B7E4-F92B-DCAA-3F1B51F5219A}"
EndProject
Project("{FAE04EC0-301F-11D3-BF4B-00C04F79EFBC}") = "DowlatGlobal.Core", "..\DowlatGlobal.Core\DowlatGlobal.Core.csproj", "{AD95F4D9-C80C-4ECF-9F7E-132589A89705}"
EndProject

Project("{FAE04EC0-301F-11D3-BF4B-00C04F79EFBC}") = "DowlatGlobal.Infrastructure", "..\DowlatGlobal.Infrastructure\DowlatGlobal.Infrastructure.csproj", "{C5337779-FBCE-4E4E-8D69-05433C974101}"
EndProject
Global
	GlobalSection(SolutionConfigurationPlatforms) = preSolution
		Debug|Any CPU = Debug|Any CPU
		Debug|x64 = Debug|x64
		Debug|x86 = Debug|x86
		Release|Any CPU = Release|Any CPU
		Release|x64 = Release|x64
		Release|x86 = Release|x86
	EndGlobalSection
	GlobalSection(ProjectConfigurationPlatforms) = postSolution
		{53DD65B6-B7E4-F92B-DCAA-3F1B51F5219A}.Debug|Any CPU.ActiveCfg = Debug|Any CPU
		{53DD65B6-B7E4-F92B-DCAA-3F1B51F5219A}.Debug|Any CPU.Build.0 = Debug|Any CPU
		{53DD65B6-B7E4-F92B-DCAA-3F1B51F5219A}.Debug|x64.ActiveCfg = Debug|Any CPU
		{53DD65B6-B7E4-F92B-DCAA-3F1B51F5219A}.Debug|x64.Build.0 = Debug|Any CPU
		{53DD65B6-B7E4-F92B-DCAA-3F1B51F5219A}.Debug|x86.ActiveCfg = Debug|Any CPU
		{53DD65B6-B7E4-F92B-DCAA-3F1B51F5219A}.Debug|x86.Build.0 = Debug|Any CPU
		{53DD65B6-B7E4-F92B-DCAA-3F1B51F5219A}.Release|Any CPU.ActiveCfg = Release|Any CPU
		{53DD65B6-B7E4-F92B-DCAA-3F1B51F5219A}.Release|Any CPU.Build.0 = Release|Any CPU
		{53DD65B6-B7E4-F92B-DCAA-3F1B51F5219A}.Release|x64.ActiveCfg = Release|Any CPU
		{53DD65B6-B7E4-F92B-DCAA-3F1B51F5219A}.Release|x64.Build.0 = Release|Any CPU
		{53DD65B6-B7E4-F92B-DCAA-3F1B51F5219A}.Release|x86.ActiveCfg = Release|Any CPU
		{53DD65B6-B7E4-F92B-DCAA-3F1B51F5219A}.Release|x86.Build.0 = Release|Any CPU
		{AD95F4D9-C80C-4ECF-9F7E-132589A89705}.Debug|Any CPU.ActiveCfg = Debug|Any CPU
		{AD95F4D9-C80C-4ECF-9F7E-132589A89705}.Debug|Any CPU.Build.0 = Debug|Any CPU
		{AD95F4D9-C80C-4ECF-9F7E-132589A89705}.Debug|x64.ActiveCfg = Debug|Any CPU
		{AD95F4D9-C80C-4ECF-9F7E-132589A89705}.Debug|x64.Build.0 = Debug|Any CPU
		{AD95F4D9-C80C-4ECF-9F7E-132589A89705}.Debug|x86.ActiveCfg = Debug|Any CPU
		{AD95F4D9-C80C-4ECF-9F7E-132589A89705}.Debug|x86.Build.0 = Debug|Any CPU
		{AD95F4D9-C80C-4ECF-9F7E-132589A89705}.Release|Any CPU.ActiveCfg = Release|Any CPU
		{AD95F4D9-C80C-4ECF-9F7E-132589A89705}.Release|Any CPU.Build.0 = Release|Any CPU
		{AD95F4D9-C80C-4ECF-9F7E-132589A89705}.Release|x64.ActiveCfg = Release|Any CPU
		{AD95F4D9-C80C-4ECF-9F7E-132589A89705}.Release|x64.Build.0 = Release|Any CPU
		{AD95F4D9-C80C-4ECF-9F7E-132589A89705}.Release|x86.ActiveCfg = Release|Any CPU
		{AD95F4D9-C80C-4ECF-9F7E-132589A89705}.Release|x86.Build.0 = Release|Any CPU

		{C5337779-FBCE-4E4E-8D69-05433C974101}.Debug|Any CPU.ActiveCfg = Debug|Any CPU
		{C5337779-FBCE-4E4E-8D69-05433C974101}.Debug|Any CPU.Build.0 = Debug|Any CPU
		{C5337779-FBCE-4E4E-8D69-05433C974101}.Debug|x64.ActiveCfg = Debug|Any CPU
		{C5337779-FBCE-4E4E-8D69-05433C974101}.Debug|x64.Build.0 = Debug|Any CPU
		{C5337779-FBCE-4E4E-8D69-05433C974101}.Debug|x86.ActiveCfg = Debug|Any CPU
		{C5337779-FBCE-4E4E-8D69-05433C974101}.Debug|x86.Build.0 = Debug|Any CPU
		{C5337779-FBCE-4E4E-8D69-05433C974101}.Release|Any CPU.ActiveCfg = Release|Any CPU
		{C5337779-FBCE-4E4E-8D69-05433C974101}.Release|Any CPU.Build.0 = Release|Any CPU
		{C5337779-FBCE-4E4E-8D69-05433C974101}.Release|x64.ActiveCfg = Release|Any CPU
		{C5337779-FBCE-4E4E-8D69-05433C974101}.Release|x64.Build.0 = Release|Any CPU
		{C5337779-FBCE-4E4E-8D69-05433C974101}.Release|x86.ActiveCfg = Release|Any CPU
		{C5337779-FBCE-4E4E-8D69-05433C974101}.Release|x86.Build.0 = Release|Any CPU
	EndGlobalSection
	GlobalSection(SolutionProperties) = preSolution
		HideSolutionNode = FALSE
	EndGlobalSection
	GlobalSection(ExtensibilityGlobals) = postSolution
		SolutionGuid = {F8007139-06DF-4CE0-A333-76F34ED603FE}
	EndGlobalSection
EndGlobal
